
Microsoft Visual Studio Solution File, Format Version 12.00
# Visual Studio 15
VisualStudioVersion = 15.0.26124.0
MinimumVisualStudioVersion = 15.0.26124.0
Project("{FAE04EC0-301F-11D3-BF4B-00C04F79EFBC}") = "MiniPay.Contracts", "MiniPay.Contracts\MiniPay.Contracts.csproj", "{5C30A270-4375-42EC-9744-977AECA7C3F8}"
EndProject
Project("{FAE04EC0-301F-11D3-BF4B-00C04F79EFBC}") = "MiniPay.WebApi", "MiniPay.WebApi\MiniPay.WebApi.csproj", "{09A4E7FA-5DCE-41FA-84AD-363869972A91}"
EndProject
Project("{FAE04EC0-301F-11D3-BF4B-00C04F79EFBC}") = "MiniPay.WebApi.Tests", "MiniPay.WebApi.Tests\MiniPay.WebApi.Tests.csproj", "{86902650-03C2-4948-820D-B9B021A168F1}"
EndProject
Project("{FAE04EC0-301F-11D3-BF4B-00C04F79EFBC}") = "MiniPay.App", "MiniPay.App\MiniPay.App.csproj", "{6922ED21-E292-4472-BD73-57FE91646BCB}"
EndProject
Global
	GlobalSection(SolutionConfigurationPlatforms) = preSolution
		Debug|Any CPU = Debug|Any CPU
		Debug|x64 = Debug|x64
		Debug|x86 = Debug|x86
		Release|Any CPU = Release|Any CPU
		Release|x64 = Release|x64
		Release|x86 = Release|x86
	EndGlobalSection
	GlobalSection(SolutionProperties) = preSolution
		HideSolutionNode = FALSE
	EndGlobalSection
	GlobalSection(ProjectConfigurationPlatforms) = postSolution
		{5C30A270-4375-42EC-9744-977AECA7C3F8}.Debug|Any CPU.ActiveCfg = Debug|Any CPU
		{5C30A270-4375-42EC-9744-977AECA7C3F8}.Debug|Any CPU.Build.0 = Debug|Any CPU
		{5C30A270-4375-42EC-9744-977AECA7C3F8}.Debug|x64.ActiveCfg = Debug|Any CPU
		{5C30A270-4375-42EC-9744-977AECA7C3F8}.Debug|x64.Build.0 = Debug|Any CPU
		{5C30A270-4375-42EC-9744-977AECA7C3F8}.Debug|x86.ActiveCfg = Debug|Any CPU
		{5C30A270-4375-42EC-9744-977AECA7C3F8}.Debug|x86.Build.0 = Debug|Any CPU
		{5C30A270-4375-42EC-9744-977AECA7C3F8}.Release|Any CPU.ActiveCfg = Release|Any CPU
		{5C30A270-4375-42EC-9744-977AECA7C3F8}.Release|Any CPU.Build.0 = Release|Any CPU
		{5C30A270-4375-42EC-9744-977AECA7C3F8}.Release|x64.ActiveCfg = Release|Any CPU
		{5C30A270-4375-42EC-9744-977AECA7C3F8}.Release|x64.Build.0 = Release|Any CPU
		{5C30A270-4375-42EC-9744-977AECA7C3F8}.Release|x86.ActiveCfg = Release|Any CPU
		{5C30A270-4375-42EC-9744-977AECA7C3F8}.Release|x86.Build.0 = Release|Any CPU
		{09A4E7FA-5DCE-41FA-84AD-363869972A91}.Debug|Any CPU.ActiveCfg = Debug|Any CPU
		{09A4E7FA-5DCE-41FA-84AD-363869972A91}.Debug|Any CPU.Build.0 = Debug|Any CPU
		{09A4E7FA-5DCE-41FA-84AD-363869972A91}.Debug|x64.ActiveCfg = Debug|Any CPU
		{09A4E7FA-5DCE-41FA-84AD-363869972A91}.Debug|x64.Build.0 = Debug|Any CPU
		{09A4E7FA-5DCE-41FA-84AD-363869972A91}.Debug|x86.ActiveCfg = Debug|Any CPU
		{09A4E7FA-5DCE-41FA-84AD-363869972A91}.Debug|x86.Build.0 = Debug|Any CPU
		{09A4E7FA-5DCE-41FA-84AD-363869972A91}.Release|Any CPU.ActiveCfg = Release|Any CPU
		{09A4E7FA-5DCE-41FA-84AD-363869972A91}.Release|Any CPU.Build.0 = Release|Any CPU
		{09A4E7FA-5DCE-41FA-84AD-363869972A91}.Release|x64.ActiveCfg = Release|Any CPU
		{09A4E7FA-5DCE-41FA-84AD-363869972A91}.Release|x64.Build.0 = Release|Any CPU
		{09A4E7FA-5DCE-41FA-84AD-363869972A91}.Release|x86.ActiveCfg = Release|Any CPU
		{09A4E7FA-5DCE-41FA-84AD-363869972A91}.Release|x86.Build.0 = Release|Any CPU
		{86902650-03C2-4948-820D-B9B021A168F1}.Debug|Any CPU.ActiveCfg = Debug|Any CPU
		{86902650-03C2-4948-820D-B9B021A168F1}.Debug|Any CPU.Build.0 = Debug|Any CPU
		{86902650-03C2-4948-820D-B9B021A168F1}.Debug|x64.ActiveCfg = Debug|Any CPU
		{86902650-03C2-4948-820D-B9B021A168F1}.Debug|x64.Build.0 = Debug|Any CPU
		{86902650-03C2-4948-820D-B9B021A168F1}.Debug|x86.ActiveCfg = Debug|Any CPU
		{86902650-03C2-4948-820D-B9B021A168F1}.Debug|x86.Build.0 = Debug|Any CPU
		{86902650-03C2-4948-820D-B9B021A168F1}.Release|Any CPU.ActiveCfg = Release|Any CPU
		{86902650-03C2-4948-820D-B9B021A168F1}.Release|Any CPU.Build.0 = Release|Any CPU
		{86902650-03C2-4948-820D-B9B021A168F1}.Release|x64.ActiveCfg = Release|Any CPU
		{86902650-03C2-4948-820D-B9B021A168F1}.Release|x64.Build.0 = Release|Any CPU
		{86902650-03C2-4948-820D-B9B021A168F1}.Release|x86.ActiveCfg = Release|Any CPU
		{86902650-03C2-4948-820D-B9B021A168F1}.Release|x86.Build.0 = Release|Any CPU
		{6922ED21-E292-4472-BD73-57FE91646BCB}.Debug|Any CPU.ActiveCfg = Debug|Any CPU
		{6922ED21-E292-4472-BD73-57FE91646BCB}.Debug|Any CPU.Build.0 = Debug|Any CPU
		{6922ED21-E292-4472-BD73-57FE91646BCB}.Debug|x64.ActiveCfg = Debug|Any CPU
		{6922ED21-E292-4472-BD73-57FE91646BCB}.Debug|x64.Build.0 = Debug|Any CPU
		{6922ED21-E292-4472-BD73-57FE91646BCB}.Debug|x86.ActiveCfg = Debug|Any CPU
		{6922ED21-E292-4472-BD73-57FE91646BCB}.Debug|x86.Build.0 = Debug|Any CPU
		{6922ED21-E292-4472-BD73-57FE91646BCB}.Release|Any CPU.ActiveCfg = Release|Any CPU
		{6922ED21-E292-4472-BD73-57FE91646BCB}.Release|Any CPU.Build.0 = Release|Any CPU
		{6922ED21-E292-4472-BD73-57FE91646BCB}.Release|x64.ActiveCfg = Release|Any CPU
		{6922ED21-E292-4472-BD73-57FE91646BCB}.Release|x64.Build.0 = Release|Any CPU
		{6922ED21-E292-4472-BD73-57FE91646BCB}.Release|x86.ActiveCfg = Release|Any CPU
		{6922ED21-E292-4472-BD73-57FE91646BCB}.Release|x86.Build.0 = Release|Any CPU
	EndGlobalSection
EndGlobal
